
Microsoft Visual Studio Solution File, Format Version 12.00
# Visual Studio Version 16
VisualStudioVersion = 16.0.30503.244
MinimumVisualStudioVersion = 10.0.40219.1
Project("{8BC9CEB8-8B4A-11D0-8D11-00A0C91BC942}") = "A15", "A15\A15.vcxproj", "{D72EBCDE-4E13-4A08-A061-291D46C3CA66}"
EndProject
Global
	GlobalSection(SolutionConfigurationPlatforms) = preSolution
		Debug|x64 = Debug|x64
		Debug|x86 = Debug|x86
		Release|x64 = Release|x64
		Release|x86 = Release|x86
	EndGlobalSection
	GlobalSection(ProjectConfigurationPlatforms) = postSolution
		{D72EBCDE-4E13-4A08-A061-291D46C3CA66}.Debug|x64.ActiveCfg = Debug|x64
		{D72EBCDE-4E13-4A08-A061-291D46C3CA66}.Debug|x64.Build.0 = Debug|x64
		{D72EBCDE-4E13-4A08-A061-291D46C3CA66}.Debug|x86.ActiveCfg = Debug|Win32
		{D72EBCDE-4E13-4A08-A061-291D46C3CA66}.Debug|x86.Build.0 = Debug|Win32
		{D72EBCDE-4E13-4A08-A061-291D46C3CA66}.Release|x64.ActiveCfg = Release|x64
		{D72EBCDE-4E13-4A08-A061-291D46C3CA66}.Release|x64.Build.0 = Release|x64
		{D72EBCDE-4E13-4A08-A061-291D46C3CA66}.Release|x86.ActiveCfg = Release|Win32
		{D72EBCDE-4E13-4A08-A061-291D46C3CA66}.Release|x86.Build.0 = Release|Win32
	EndGlobalSection
	GlobalSection(SolutionProperties) = preSolution
		HideSolutionNode = FALSE
	EndGlobalSection
	GlobalSection(ExtensibilityGlobals) = postSolution
		SolutionGuid = {0381FB18-E1D9-4F66-9DF1-4447150D362A}
	EndGlobalSection
EndGlobal
