
Microsoft Visual Studio Solution File, Format Version 12.00
# Visual Studio Version 16
VisualStudioVersion = 16.0.30503.244
MinimumVisualStudioVersion = 10.0.40219.1
Project("{8BC9CEB8-8B4A-11D0-8D11-00A0C91BC942}") = "Поменять местами", "Поменять местами\Поменять местами.vcxproj", "{204596AB-4645-4BE2-A0EA-E96648496E07}"
EndProject
Global
	GlobalSection(SolutionConfigurationPlatforms) = preSolution
		Debug|x64 = Debug|x64
		Debug|x86 = Debug|x86
		Release|x64 = Release|x64
		Release|x86 = Release|x86
	EndGlobalSection
	GlobalSection(ProjectConfigurationPlatforms) = postSolution
		{204596AB-4645-4BE2-A0EA-E96648496E07}.Debug|x64.ActiveCfg = Debug|x64
		{204596AB-4645-4BE2-A0EA-E96648496E07}.Debug|x64.Build.0 = Debug|x64
		{204596AB-4645-4BE2-A0EA-E96648496E07}.Debug|x86.ActiveCfg = Debug|Win32
		{204596AB-4645-4BE2-A0EA-E96648496E07}.Debug|x86.Build.0 = Debug|Win32
		{204596AB-4645-4BE2-A0EA-E96648496E07}.Release|x64.ActiveCfg = Release|x64
		{204596AB-4645-4BE2-A0EA-E96648496E07}.Release|x64.Build.0 = Release|x64
		{204596AB-4645-4BE2-A0EA-E96648496E07}.Release|x86.ActiveCfg = Release|Win32
		{204596AB-4645-4BE2-A0EA-E96648496E07}.Release|x86.Build.0 = Release|Win32
	EndGlobalSection
	GlobalSection(SolutionProperties) = preSolution
		HideSolutionNode = FALSE
	EndGlobalSection
	GlobalSection(ExtensibilityGlobals) = postSolution
		SolutionGuid = {62640336-5CC1-40DB-96E0-8DDF9BE1AFAC}
	EndGlobalSection
EndGlobal
